// !$*UTF8*$!
{
	archiveVersion = 1;
	classes = {
	};
	objectVersion = 50;
	objects = {

/* Begin PBXBuildFile section */
		1043A2F425EBD68B00E7F675 /* AppDelegate.swift in Sources */ = {isa = PBXBuildFile; fileRef = 1043A2F325EBD68B00E7F675 /* AppDelegate.swift */; };
		1043A2F625EBD68B00E7F675 /* SceneDelegate.swift in Sources */ = {isa = PBXBuildFile; fileRef = 1043A2F525EBD68B00E7F675 /* SceneDelegate.swift */; };
		1043A2F825EBD68B00E7F675 /* ViewController.swift in Sources */ = {isa = PBXBuildFile; fileRef = 1043A2F725EBD68B00E7F675 /* ViewController.swift */; };
		1043A2FB25EBD68B00E7F675 /* Main.storyboard in Resources */ = {isa = PBXBuildFile; fileRef = 1043A2F925EBD68B00E7F675 /* Main.storyboard */; };
		1043A2FD25EBD68C00E7F675 /* Assets.xcassets in Resources */ = {isa = PBXBuildFile; fileRef = 1043A2FC25EBD68C00E7F675 /* Assets.xcassets */; };
		1043A30025EBD68C00E7F675 /* LaunchScreen.storyboard in Resources */ = {isa = PBXBuildFile; fileRef = 1043A2FE25EBD68C00E7F675 /* LaunchScreen.storyboard */; };
		1043A30B25EBD68C00E7F675 /* MoviesTests.swift in Sources */ = {isa = PBXBuildFile; fileRef = 1043A30A25EBD68C00E7F675 /* MoviesTests.swift */; };
		1043A31625EBD68C00E7F675 /* MoviesUITests.swift in Sources */ = {isa = PBXBuildFile; fileRef = 1043A31525EBD68C00E7F675 /* MoviesUITests.swift */; };
/* End PBXBuildFile section */

/* Begin PBXContainerItemProxy section */
		1043A30725EBD68C00E7F675 /* PBXContainerItemProxy */ = {
			isa = PBXContainerItemProxy;
			containerPortal = 1043A2E825EBD68B00E7F675 /* Project object */;
			proxyType = 1;
			remoteGlobalIDString = 1043A2EF25EBD68B00E7F675;
			remoteInfo = Movies;
		};
		1043A31225EBD68C00E7F675 /* PBXContainerItemProxy */ = {
			isa = PBXContainerItemProxy;
			containerPortal = 1043A2E825EBD68B00E7F675 /* Project object */;
			proxyType = 1;
			remoteGlobalIDString = 1043A2EF25EBD68B00E7F675;
			remoteInfo = Movies;
		};
/* End PBXContainerItemProxy section */

/* Begin PBXFileReference section */
		1043A2F025EBD68B00E7F675 /* Movies.app */ = {isa = PBXFileReference; explicitFileType = wrapper.application; includeInIndex = 0; path = Movies.app; sourceTree = BUILT_PRODUCTS_DIR; };
		1043A2F325EBD68B00E7F675 /* AppDelegate.swift */ = {isa = PBXFileReference; lastKnownFileType = sourcecode.swift; path = AppDelegate.swift; sourceTree = "<group>"; };
		1043A2F525EBD68B00E7F675 /* SceneDelegate.swift */ = {isa = PBXFileReference; lastKnownFileType = sourcecode.swift; path = SceneDelegate.swift; sourceTree = "<group>"; };
		1043A2F725EBD68B00E7F675 /* ViewController.swift */ = {isa = PBXFileReference; lastKnownFileType = sourcecode.swift; path = ViewController.swift; sourceTree = "<group>"; };
		1043A2FA25EBD68B00E7F675 /* Base */ = {isa = PBXFileReference; lastKnownFileType = file.storyboard; name = Base; path = Base.lproj/Main.storyboard; sourceTree = "<group>"; };
		1043A2FC25EBD68C00E7F675 /* Assets.xcassets */ = {isa = PBXFileReference; lastKnownFileType = folder.assetcatalog; path = Assets.xcassets; sourceTree = "<group>"; };
		1043A2FF25EBD68C00E7F675 /* Base */ = {isa = PBXFileReference; lastKnownFileType = file.storyboard; name = Base; path = Base.lproj/LaunchScreen.storyboard; sourceTree = "<group>"; };
		1043A30125EBD68C00E7F675 /* Info.plist */ = {isa = PBXFileReference; lastKnownFileType = text.plist.xml; path = Info.plist; sourceTree = "<group>"; };
		1043A30625EBD68C00E7F675 /* MoviesTests.xctest */ = {isa = PBXFileReference; explicitFileType = wrapper.cfbundle; includeInIndex = 0; path = MoviesTests.xctest; sourceTree = BUILT_PRODUCTS_DIR; };
		1043A30A25EBD68C00E7F675 /* MoviesTests.swift */ = {isa = PBXFileReference; lastKnownFileType = sourcecode.swift; path = MoviesTests.swift; sourceTree = "<group>"; };
		1043A30C25EBD68C00E7F675 /* Info.plist */ = {isa = PBXFileReference; lastKnownFileType = text.plist.xml; path = Info.plist; sourceTree = "<group>"; };
		1043A31125EBD68C00E7F675 /* MoviesUITests.xctest */ = {isa = PBXFileReference; explicitFileType = wrapper.cfbundle; includeInIndex = 0; path = MoviesUITests.xctest; sourceTree = BUILT_PRODUCTS_DIR; };
		1043A31525EBD68C00E7F675 /* MoviesUITests.swift */ = {isa = PBXFileReference; lastKnownFileType = sourcecode.swift; path = MoviesUITests.swift; sourceTree = "<group>"; };
		1043A31725EBD68C00E7F675 /* Info.plist */ = {isa = PBXFileReference; lastKnownFileType = text.plist.xml; path = Info.plist; sourceTree = "<group>"; };
/* End PBXFileReference section */

/* Begin PBXFrameworksBuildPhase section */
		1043A2ED25EBD68B00E7F675 /* Frameworks */ = {
			isa = PBXFrameworksBuildPhase;
			buildActionMask = 2147483647;
			files = (
			);
			runOnlyForDeploymentPostprocessing = 0;
		};
		1043A30325EBD68C00E7F675 /* Frameworks */ = {
			isa = PBXFrameworksBuildPhase;
			buildActionMask = 2147483647;
			files = (
			);
			runOnlyForDeploymentPostprocessing = 0;
		};
		1043A30E25EBD68C00E7F675 /* Frameworks */ = {
			isa = PBXFrameworksBuildPhase;
			buildActionMask = 2147483647;
			files = (
			);
			runOnlyForDeploymentPostprocessing = 0;
		};
/* End PBXFrameworksBuildPhase section */

/* Begin PBXGroup section */
		1043A2E725EBD68B00E7F675 = {
			isa = PBXGroup;
			children = (
				1043A2F225EBD68B00E7F675 /* Movies */,
				1043A30925EBD68C00E7F675 /* MoviesTests */,
				1043A31425EBD68C00E7F675 /* MoviesUITests */,
				1043A2F125EBD68B00E7F675 /* Products */,
			);
			sourceTree = "<group>";
		};
		1043A2F125EBD68B00E7F675 /* Products */ = {
			isa = PBXGroup;
			children = (
				1043A2F025EBD68B00E7F675 /* Movies.app */,
				1043A30625EBD68C00E7F675 /* MoviesTests.xctest */,
				1043A31125EBD68C00E7F675 /* MoviesUITests.xctest */,
			);
			name = Products;
			sourceTree = "<group>";
		};
		1043A2F225EBD68B00E7F675 /* Movies */ = {
			isa = PBXGroup;
			children = (
				1043A2F325EBD68B00E7F675 /* AppDelegate.swift */,
				1043A2F525EBD68B00E7F675 /* SceneDelegate.swift */,
				1043A2F725EBD68B00E7F675 /* ViewController.swift */,
				1043A2F925EBD68B00E7F675 /* Main.storyboard */,
				1043A2FC25EBD68C00E7F675 /* Assets.xcassets */,
				1043A2FE25EBD68C00E7F675 /* LaunchScreen.storyboard */,
				1043A30125EBD68C00E7F675 /* Info.plist */,
			);
			path = Movies;
			sourceTree = "<group>";
		};
		1043A30925EBD68C00E7F675 /* MoviesTests */ = {
			isa = PBXGroup;
			children = (
				1043A30A25EBD68C00E7F675 /* MoviesTests.swift */,
				1043A30C25EBD68C00E7F675 /* Info.plist */,
			);
			path = MoviesTests;
			sourceTree = "<group>";
		};
		1043A31425EBD68C00E7F675 /* MoviesUITests */ = {
			isa = PBXGroup;
			children = (
				1043A31525EBD68C00E7F675 /* MoviesUITests.swift */,
				1043A31725EBD68C00E7F675 /* Info.plist */,
			);
			path = MoviesUITests;
			sourceTree = "<group>";
		};
/* End PBXGroup section */

/* Begin PBXNativeTarget section */
		1043A2EF25EBD68B00E7F675 /* Movies */ = {
			isa = PBXNativeTarget;
			buildConfigurationList = 1043A31A25EBD68C00E7F675 /* Build configuration list for PBXNativeTarget "Movies" */;
			buildPhases = (
				1043A2EC25EBD68B00E7F675 /* Sources */,
				1043A2ED25EBD68B00E7F675 /* Frameworks */,
				1043A2EE25EBD68B00E7F675 /* Resources */,
			);
			buildRules = (
			);
			dependencies = (
			);
			name = Movies;
			productName = Movies;
			productReference = 1043A2F025EBD68B00E7F675 /* Movies.app */;
			productType = "com.apple.product-type.application";
		};
		1043A30525EBD68C00E7F675 /* MoviesTests */ = {
			isa = PBXNativeTarget;
			buildConfigurationList = 1043A31D25EBD68C00E7F675 /* Build configuration list for PBXNativeTarget "MoviesTests" */;
			buildPhases = (
				1043A30225EBD68C00E7F675 /* Sources */,
				1043A30325EBD68C00E7F675 /* Frameworks */,
				1043A30425EBD68C00E7F675 /* Resources */,
			);
			buildRules = (
			);
			dependencies = (
				1043A30825EBD68C00E7F675 /* PBXTargetDependency */,
			);
			name = MoviesTests;
			productName = MoviesTests;
			productReference = 1043A30625EBD68C00E7F675 /* MoviesTests.xctest */;
			productType = "com.apple.product-type.bundle.unit-test";
		};
		1043A31025EBD68C00E7F675 /* MoviesUITests */ = {
			isa = PBXNativeTarget;
			buildConfigurationList = 1043A32025EBD68C00E7F675 /* Build configuration list for PBXNativeTarget "MoviesUITests" */;
			buildPhases = (
				1043A30D25EBD68C00E7F675 /* Sources */,
				1043A30E25EBD68C00E7F675 /* Frameworks */,
				1043A30F25EBD68C00E7F675 /* Resources */,
			);
			buildRules = (
			);
			dependencies = (
				1043A31325EBD68C00E7F675 /* PBXTargetDependency */,
			);
			name = MoviesUITests;
			productName = MoviesUITests;
			productReference = 1043A31125EBD68C00E7F675 /* MoviesUITests.xctest */;
			productType = "com.apple.product-type.bundle.ui-testing";
		};
/* End PBXNativeTarget section */

/* Begin PBXProject section */
		1043A2E825EBD68B00E7F675 /* Project object */ = {
			isa = PBXProject;
			attributes = {
				LastSwiftUpdateCheck = 1240;
				LastUpgradeCheck = 1240;
				TargetAttributes = {
					1043A2EF25EBD68B00E7F675 = {
						CreatedOnToolsVersion = 12.4;
					};
					1043A30525EBD68C00E7F675 = {
						CreatedOnToolsVersion = 12.4;
						TestTargetID = 1043A2EF25EBD68B00E7F675;
					};
					1043A31025EBD68C00E7F675 = {
						CreatedOnToolsVersion = 12.4;
						TestTargetID = 1043A2EF25EBD68B00E7F675;
					};
				};
			};
			buildConfigurationList = 1043A2EB25EBD68B00E7F675 /* Build configuration list for PBXProject "Movies" */;
			compatibilityVersion = "Xcode 9.3";
			developmentRegion = en;
			hasScannedForEncodings = 0;
			knownRegions = (
				en,
				Base,
			);
			mainGroup = 1043A2E725EBD68B00E7F675;
			productRefGroup = 1043A2F125EBD68B00E7F675 /* Products */;
			projectDirPath = "";
			projectRoot = "";
			targets = (
				1043A2EF25EBD68B00E7F675 /* Movies */,
				1043A30525EBD68C00E7F675 /* MoviesTests */,
				1043A31025EBD68C00E7F675 /* MoviesUITests */,
			);
		};
/* End PBXProject section */

/* Begin PBXResourcesBuildPhase section */
		1043A2EE25EBD68B00E7F675 /* Resources */ = {
			isa = PBXResourcesBuildPhase;
			buildActionMask = 2147483647;
			files = (
				1043A30025EBD68C00E7F675 /* LaunchScreen.storyboard in Resources */,
				1043A2FD25EBD68C00E7F675 /* Assets.xcassets in Resources */,
				1043A2FB25EBD68B00E7F675 /* Main.storyboard in Resources */,
			);
			runOnlyForDeploymentPostprocessing = 0;
		};
		1043A30425EBD68C00E7F675 /* Resources */ = {
			isa = PBXResourcesBuildPhase;
			buildActionMask = 2147483647;
			files = (
			);
			runOnlyForDeploymentPostprocessing = 0;
		};
		1043A30F25EBD68C00E7F675 /* Resources */ = {
			isa = PBXResourcesBuildPhase;
			buildActionMask = 2147483647;
			files = (
			);
			runOnlyForDeploymentPostprocessing = 0;
		};
/* End PBXResourcesBuildPhase section */

/* Begin PBXSourcesBuildPhase section */
		1043A2EC25EBD68B00E7F675 /* Sources */ = {
			isa = PBXSourcesBuildPhase;
			buildActionMask = 2147483647;
			files = (
				1043A2F825EBD68B00E7F675 /* ViewController.swift in Sources */,
				1043A2F425EBD68B00E7F675 /* AppDelegate.swift in Sources */,
				1043A2F625EBD68B00E7F675 /* SceneDelegate.swift in Sources */,
			);
			runOnlyForDeploymentPostprocessing = 0;
		};
		1043A30225EBD68C00E7F675 /* Sources */ = {
			isa = PBXSourcesBuildPhase;
			buildActionMask = 2147483647;
			files = (
				1043A30B25EBD68C00E7F675 /* MoviesTests.swift in Sources */,
			);
			runOnlyForDeploymentPostprocessing = 0;
		};
		1043A30D25EBD68C00E7F675 /* Sources */ = {
			isa = PBXSourcesBuildPhase;
			buildActionMask = 2147483647;
			files = (
				1043A31625EBD68C00E7F675 /* MoviesUITests.swift in Sources */,
			);
			runOnlyForDeploymentPostprocessing = 0;
		};
/* End PBXSourcesBuildPhase section */

/* Begin PBXTargetDependency section */
		1043A30825EBD68C00E7F675 /* PBXTargetDependency */ = {
			isa = PBXTargetDependency;
			target = 1043A2EF25EBD68B00E7F675 /* Movies */;
			targetProxy = 1043A30725EBD68C00E7F675 /* PBXContainerItemProxy */;
		};
		1043A31325EBD68C00E7F675 /* PBXTargetDependency */ = {
			isa = PBXTargetDependency;
			target = 1043A2EF25EBD68B00E7F675 /* Movies */;
			targetProxy = 1043A31225EBD68C00E7F675 /* PBXContainerItemProxy */;
		};
/* End PBXTargetDependency section */

/* Begin PBXVariantGroup section */
		1043A2F925EBD68B00E7F675 /* Main.storyboard */ = {
			isa = PBXVariantGroup;
			children = (
				1043A2FA25EBD68B00E7F675 /* Base */,
			);
			name = Main.storyboard;
			sourceTree = "<group>";
		};
		1043A2FE25EBD68C00E7F675 /* LaunchScreen.storyboard */ = {
			isa = PBXVariantGroup;
			children = (
				1043A2FF25EBD68C00E7F675 /* Base */,
			);
			name = LaunchScreen.storyboard;
			sourceTree = "<group>";
		};
/* End PBXVariantGroup section */

/* Begin XCBuildConfiguration section */
		1043A31825EBD68C00E7F675 /* Debug */ = {
			isa = XCBuildConfiguration;
			buildSettings = {
				ALWAYS_SEARCH_USER_PATHS = NO;
				CLANG_ANALYZER_NONNULL = YES;
				CLANG_ANALYZER_NUMBER_OBJECT_CONVERSION = YES_AGGRESSIVE;
				CLANG_CXX_LANGUAGE_STANDARD = "gnu++14";
				CLANG_CXX_LIBRARY = "libc++";
				CLANG_ENABLE_MODULES = YES;
				CLANG_ENABLE_OBJC_ARC = YES;
				CLANG_ENABLE_OBJC_WEAK = YES;
				CLANG_WARN_BLOCK_CAPTURE_AUTORELEASING = YES;
				CLANG_WARN_BOOL_CONVERSION = YES;
				CLANG_WARN_COMMA = YES;
				CLANG_WARN_CONSTANT_CONVERSION = YES;
				CLANG_WARN_DEPRECATED_OBJC_IMPLEMENTATIONS = YES;
				CLANG_WARN_DIRECT_OBJC_ISA_USAGE = YES_ERROR;
				CLANG_WARN_DOCUMENTATION_COMMENTS = YES;
				CLANG_WARN_EMPTY_BODY = YES;
				CLANG_WARN_ENUM_CONVERSION = YES;
				CLANG_WARN_INFINITE_RECURSION = YES;
				CLANG_WARN_INT_CONVERSION = YES;
				CLANG_WARN_NON_LITERAL_NULL_CONVERSION = YES;
				CLANG_WARN_OBJC_IMPLICIT_RETAIN_SELF = YES;
				CLANG_WARN_OBJC_LITERAL_CONVERSION = YES;
				CLANG_WARN_OBJC_ROOT_CLASS = YES_ERROR;
				CLANG_WARN_QUOTED_INCLUDE_IN_FRAMEWORK_HEADER = YES;
				CLANG_WARN_RANGE_LOOP_ANALYSIS = YES;
				CLANG_WARN_STRICT_PROTOTYPES = YES;
				CLANG_WARN_SUSPICIOUS_MOVE = YES;
				CLANG_WARN_UNGUARDED_AVAILABILITY = YES_AGGRESSIVE;
				CLANG_WARN_UNREACHABLE_CODE = YES;
				CLANG_WARN__DUPLICATE_METHOD_MATCH = YES;
				COPY_PHASE_STRIP = NO;
				DEBUG_INFORMATION_FORMAT = dwarf;
				ENABLE_STRICT_OBJC_MSGSEND = YES;
				ENABLE_TESTABILITY = YES;
				GCC_C_LANGUAGE_STANDARD = gnu11;
				GCC_DYNAMIC_NO_PIC = NO;
				GCC_NO_COMMON_BLOCKS = YES;
				GCC_OPTIMIZATION_LEVEL = 0;
				GCC_PREPROCESSOR_DEFINITIONS = (
					"DEBUG=1",
					"$(inherited)",
				);
				GCC_WARN_64_TO_32_BIT_CONVERSION = YES;
				GCC_WARN_ABOUT_RETURN_TYPE = YES_ERROR;
				GCC_WARN_UNDECLARED_SELECTOR = YES;
				GCC_WARN_UNINITIALIZED_AUTOS = YES_AGGRESSIVE;
				GCC_WARN_UNUSED_FUNCTION = YES;
				GCC_WARN_UNUSED_VARIABLE = YES;
				IPHONEOS_DEPLOYMENT_TARGET = 14.4;
				MTL_ENABLE_DEBUG_INFO = INCLUDE_SOURCE;
				MTL_FAST_MATH = YES;
				ONLY_ACTIVE_ARCH = YES;
				SDKROOT = iphoneos;
				SWIFT_ACTIVE_COMPILATION_CONDITIONS = DEBUG;
				SWIFT_OPTIMIZATION_LEVEL = "-Onone";
			};
			name = Debug;
		};
		1043A31925EBD68C00E7F675 /* Release */ = {
			isa = XCBuildConfiguration;
			buildSettings = {
				ALWAYS_SEARCH_USER_PATHS = NO;
				CLANG_ANALYZER_NONNULL = YES;
				CLANG_ANALYZER_NUMBER_OBJECT_CONVERSION = YES_AGGRESSIVE;
				CLANG_CXX_LANGUAGE_STANDARD = "gnu++14";
				CLANG_CXX_LIBRARY = "libc++";
				CLANG_ENABLE_MODULES = YES;
				CLANG_ENABLE_OBJC_ARC = YES;
				CLANG_ENABLE_OBJC_WEAK = YES;
				CLANG_WARN_BLOCK_CAPTURE_AUTORELEASING = YES;
				CLANG_WARN_BOOL_CONVERSION = YES;
				CLANG_WARN_COMMA = YES;
				CLANG_WARN_CONSTANT_CONVERSION = YES;
				CLANG_WARN_DEPRECATED_OBJC_IMPLEMENTATIONS = YES;
				CLANG_WARN_DIRECT_OBJC_ISA_USAGE = YES_ERROR;
				CLANG_WARN_DOCUMENTATION_COMMENTS = YES;
				CLANG_WARN_EMPTY_BODY = YES;
				CLANG_WARN_ENUM_CONVERSION = YES;
				CLANG_WARN_INFINITE_RECURSION = YES;
				CLANG_WARN_INT_CONVERSION = YES;
				CLANG_WARN_NON_LITERAL_NULL_CONVERSION = YES;
				CLANG_WARN_OBJC_IMPLICIT_RETAIN_SELF = YES;
				CLANG_WARN_OBJC_LITERAL_CONVERSION = YES;
				CLANG_WARN_OBJC_ROOT_CLASS = YES_ERROR;
				CLANG_WARN_QUOTED_INCLUDE_IN_FRAMEWORK_HEADER = YES;
				CLANG_WARN_RANGE_LOOP_ANALYSIS = YES;
				CLANG_WARN_STRICT_PROTOTYPES = YES;
				CLANG_WARN_SUSPICIOUS_MOVE = YES;
				CLANG_WARN_UNGUARDED_AVAILABILITY = YES_AGGRESSIVE;
				CLANG_WARN_UNREACHABLE_CODE = YES;
				CLANG_WARN__DUPLICATE_METHOD_MATCH = YES;
				COPY_PHASE_STRIP = NO;
				DEBUG_INFORMATION_FORMAT = "dwarf-with-dsym";
				ENABLE_NS_ASSERTIONS = NO;
				ENABLE_STRICT_OBJC_MSGSEND = YES;
				GCC_C_LANGUAGE_STANDARD = gnu11;
				GCC_NO_COMMON_BLOCKS = YES;
				GCC_WARN_64_TO_32_BIT_CONVERSION = YES;
				GCC_WARN_ABOUT_RETURN_TYPE = YES_ERROR;
				GCC_WARN_UNDECLARED_SELECTOR = YES;
				GCC_WARN_UNINITIALIZED_AUTOS = YES_AGGRESSIVE;
				GCC_WARN_UNUSED_FUNCTION = YES;
				GCC_WARN_UNUSED_VARIABLE = YES;
				IPHONEOS_DEPLOYMENT_TARGET = 14.4;
				MTL_ENABLE_DEBUG_INFO = NO;
				MTL_FAST_MATH = YES;
				SDKROOT = iphoneos;
				SWIFT_COMPILATION_MODE = wholemodule;
				SWIFT_OPTIMIZATION_LEVEL = "-O";
				VALIDATE_PRODUCT = YES;
			};
			name = Release;
		};
		1043A31B25EBD68C00E7F675 /* Debug */ = {
			isa = XCBuildConfiguration;
			buildSettings = {
				ASSETCATALOG_COMPILER_APPICON_NAME = AppIcon;
				ASSETCATALOG_COMPILER_GLOBAL_ACCENT_COLOR_NAME = AccentColor;
				CODE_SIGN_STYLE = Automatic;
				INFOPLIST_FILE = Movies/Info.plist;
				LD_RUNPATH_SEARCH_PATHS = (
					"$(inherited)",
					"@executable_path/Frameworks",
				);
				PRODUCT_BUNDLE_IDENTIFIER = com.plumbers.movies.Movies;
				PRODUCT_NAME = "$(TARGET_NAME)";
				SWIFT_VERSION = 5.0;
				TARGETED_DEVICE_FAMILY = "1,2";
			};
			name = Debug;
		};
		1043A31C25EBD68C00E7F675 /* Release */ = {
			isa = XCBuildConfiguration;
			buildSettings = {
				ASSETCATALOG_COMPILER_APPICON_NAME = AppIcon;
				ASSETCATALOG_COMPILER_GLOBAL_ACCENT_COLOR_NAME = AccentColor;
				CODE_SIGN_STYLE = Automatic;
				INFOPLIST_FILE = Movies/Info.plist;
				LD_RUNPATH_SEARCH_PATHS = (
					"$(inherited)",
					"@executable_path/Frameworks",
				);
				PRODUCT_BUNDLE_IDENTIFIER = com.plumbers.movies.Movies;
				PRODUCT_NAME = "$(TARGET_NAME)";
				SWIFT_VERSION = 5.0;
				TARGETED_DEVICE_FAMILY = "1,2";
			};
			name = Release;
		};
		1043A31E25EBD68C00E7F675 /* Debug */ = {
			isa = XCBuildConfiguration;
			buildSettings = {
				ALWAYS_EMBED_SWIFT_STANDARD_LIBRARIES = YES;
				BUNDLE_LOADER = "$(TEST_HOST)";
				CODE_SIGN_STYLE = Automatic;
				INFOPLIST_FILE = MoviesTests/Info.plist;
				IPHONEOS_DEPLOYMENT_TARGET = 14.4;
				LD_RUNPATH_SEARCH_PATHS = (
					"$(inherited)",
					"@executable_path/Frameworks",
					"@loader_path/Frameworks",
				);
				PRODUCT_BUNDLE_IDENTIFIER = com.plumbers.movies.MoviesTests;
				PRODUCT_NAME = "$(TARGET_NAME)";
				SWIFT_VERSION = 5.0;
				TARGETED_DEVICE_FAMILY = "1,2";
				TEST_HOST = "$(BUILT_PRODUCTS_DIR)/Movies.app/Movies";
			};
			name = Debug;
		};
		1043A31F25EBD68C00E7F675 /* Release */ = {
			isa = XCBuildConfiguration;
			buildSettings = {
				ALWAYS_EMBED_SWIFT_STANDARD_LIBRARIES = YES;
				BUNDLE_LOADER = "$(TEST_HOST)";
				CODE_SIGN_STYLE = Automatic;
				INFOPLIST_FILE = MoviesTests/Info.plist;
				IPHONEOS_DEPLOYMENT_TARGET = 14.4;
				LD_RUNPATH_SEARCH_PATHS = (
					"$(inherited)",
					"@executable_path/Frameworks",
					"@loader_path/Frameworks",
				);
				PRODUCT_BUNDLE_IDENTIFIER = com.plumbers.movies.MoviesTests;
				PRODUCT_NAME = "$(TARGET_NAME)";
				SWIFT_VERSION = 5.0;
				TARGETED_DEVICE_FAMILY = "1,2";
				TEST_HOST = "$(BUILT_PRODUCTS_DIR)/Movies.app/Movies";
			};
			name = Release;
		};
		1043A32125EBD68C00E7F675 /* Debug */ = {
			isa = XCBuildConfiguration;
			buildSettings = {
				ALWAYS_EMBED_SWIFT_STANDARD_LIBRARIES = YES;
				CODE_SIGN_STYLE = Automatic;
				INFOPLIST_FILE = MoviesUITests/Info.plist;
				LD_RUNPATH_SEARCH_PATHS = (
					"$(inherited)",
					"@executable_path/Frameworks",
					"@loader_path/Frameworks",
				);
				PRODUCT_BUNDLE_IDENTIFIER = com.plumbers.movies.MoviesUITests;
				PRODUCT_NAME = "$(TARGET_NAME)";
				SWIFT_VERSION = 5.0;
				TARGETED_DEVICE_FAMILY = "1,2";
				TEST_TARGET_NAME = Movies;
			};
			name = Debug;
		};
		1043A32225EBD68C00E7F675 /* Release */ = {
			isa = XCBuildConfiguration;
			buildSettings = {
				ALWAYS_EMBED_SWIFT_STANDARD_LIBRARIES = YES;
				CODE_SIGN_STYLE = Automatic;
				INFOPLIST_FILE = MoviesUITests/Info.plist;
				LD_RUNPATH_SEARCH_PATHS = (
					"$(inherited)",
					"@executable_path/Frameworks",
					"@loader_path/Frameworks",
				);
				PRODUCT_BUNDLE_IDENTIFIER = com.plumbers.movies.MoviesUITests;
				PRODUCT_NAME = "$(TARGET_NAME)";
				SWIFT_VERSION = 5.0;
				TARGETED_DEVICE_FAMILY = "1,2";
				TEST_TARGET_NAME = Movies;
			};
			name = Release;
		};
/* End XCBuildConfiguration section */

/* Begin XCConfigurationList section */
		1043A2EB25EBD68B00E7F675 /* Build configuration list for PBXProject "Movies" */ = {
			isa = XCConfigurationList;
			buildConfigurations = (
				1043A31825EBD68C00E7F675 /* Debug */,
				1043A31925EBD68C00E7F675 /* Release */,
			);
			defaultConfigurationIsVisible = 0;
			defaultConfigurationName = Release;
		};
		1043A31A25EBD68C00E7F675 /* Build configuration list for PBXNativeTarget "Movies" */ = {
			isa = XCConfigurationList;
			buildConfigurations = (
				1043A31B25EBD68C00E7F675 /* Debug */,
				1043A31C25EBD68C00E7F675 /* Release */,
			);
			defaultConfigurationIsVisible = 0;
			defaultConfigurationName = Release;
		};
		1043A31D25EBD68C00E7F675 /* Build configuration list for PBXNativeTarget "MoviesTests" */ = {
			isa = XCConfigurationList;
			buildConfigurations = (
				1043A31E25EBD68C00E7F675 /* Debug */,
				1043A31F25EBD68C00E7F675 /* Release */,
			);
			defaultConfigurationIsVisible = 0;
			defaultConfigurationName = Release;
		};
		1043A32025EBD68C00E7F675 /* Build configuration list for PBXNativeTarget "MoviesUITests" */ = {
			isa = XCConfigurationList;
			buildConfigurations = (
				1043A32125EBD68C00E7F675 /* Debug */,
				1043A32225EBD68C00E7F675 /* Release */,
			);
			defaultConfigurationIsVisible = 0;
			defaultConfigurationName = Release;
		};
/* End XCConfigurationList section */
	};
	rootObject = 1043A2E825EBD68B00E7F675 /* Project object */;
}
